Microsoft Visual Studio Solution File, Format Version 7.00
Project("{8BC9CEB8-8B4A-11D0-8D11-00A0C91BC942}") = "ncptln", "ncptln.vcproj", "{C74CD247-9ACC-4674-AF70-7EF91E4CE15B}"
EndProject
Global
	GlobalSection(SolutionConfiguration) = preSolution
		ConfigName.0 = Debug
		ConfigName.1 = Release
	EndGlobalSection
	GlobalSection(ProjectDependencies) = postSolution
	EndGlobalSection
	GlobalSection(ProjectConfiguration) = postSolution
		{C74CD247-9ACC-4674-AF70-7EF91E4CE15B}.Debug.ActiveCfg = Debug|Win32
		{C74CD247-9ACC-4674-AF70-7EF91E4CE15B}.Debug.Build.0 = Debug|Win32
		{C74CD247-9ACC-4674-AF70-7EF91E4CE15B}.Release.ActiveCfg = Release|Win32
		{C74CD247-9ACC-4674-AF70-7EF91E4CE15B}.Release.Build.0 = Release|Win32
	EndGlobalSection
	GlobalSection(ExtensibilityGlobals) = postSolution
	EndGlobalSection
	GlobalSection(ExtensibilityAddIns) = postSolution
	EndGlobalSection
EndGlobal
