Microsoft Visual Studio Solution File, Format Version 7.00
Project("{8BC9CEB8-8B4A-11D0-8D11-00A0C91BC942}") = "mathsubST", "mathsubST\mathsubST.vcproj", "{D8555A76-BE61-4822-8E66-4AD6C2CFF9DB}"
EndProject
Project("{8BC9CEB8-8B4A-11D0-8D11-00A0C91BC942}") = "mathsubDT", "mathsubDT\mathsubDT.vcproj", "{E6D99996-3483-49B3-86E5-1426BAE3F9E5}"
EndProject
Project("{8BC9CEB8-8B4A-11D0-8D11-00A0C91BC942}") = "mathsubMT", "mathsubMT\mathsubMT.vcproj", "{C77BEFA6-B6DA-49C1-A0C1-793C002D495E}"
EndProject
Global
	GlobalSection(SolutionConfiguration) = preSolution
		ConfigName.0 = Debug
		ConfigName.1 = Release
	EndGlobalSection
	GlobalSection(ProjectDependencies) = postSolution
	EndGlobalSection
	GlobalSection(ProjectConfiguration) = postSolution
		{D8555A76-BE61-4822-8E66-4AD6C2CFF9DB}.Debug.ActiveCfg = Debug|Win32
		{D8555A76-BE61-4822-8E66-4AD6C2CFF9DB}.Debug.Build.0 = Debug|Win32
		{D8555A76-BE61-4822-8E66-4AD6C2CFF9DB}.Release.ActiveCfg = Release|Win32
		{D8555A76-BE61-4822-8E66-4AD6C2CFF9DB}.Release.Build.0 = Release|Win32
		{E6D99996-3483-49B3-86E5-1426BAE3F9E5}.Debug.ActiveCfg = Debug|Win32
		{E6D99996-3483-49B3-86E5-1426BAE3F9E5}.Debug.Build.0 = Debug|Win32
		{E6D99996-3483-49B3-86E5-1426BAE3F9E5}.Release.ActiveCfg = Release|Win32
		{E6D99996-3483-49B3-86E5-1426BAE3F9E5}.Release.Build.0 = Release|Win32
		{C77BEFA6-B6DA-49C1-A0C1-793C002D495E}.Debug.ActiveCfg = Debug|Win32
		{C77BEFA6-B6DA-49C1-A0C1-793C002D495E}.Debug.Build.0 = Debug|Win32
		{C77BEFA6-B6DA-49C1-A0C1-793C002D495E}.Release.ActiveCfg = Release|Win32
		{C77BEFA6-B6DA-49C1-A0C1-793C002D495E}.Release.Build.0 = Release|Win32
	EndGlobalSection
	GlobalSection(ExtensibilityGlobals) = postSolution
	EndGlobalSection
	GlobalSection(ExtensibilityAddIns) = postSolution
	EndGlobalSection
EndGlobal
